
Microsoft Visual Studio Solution File, Format Version 12.00
# Visual Studio Version 17
VisualStudioVersion = 17.1.32210.238
MinimumVisualStudioVersion = 10.0.40219.1
Project("{FAE04EC0-301F-11D3-BF4B-00C04F79EFBC}") = "Simple Crud", "Simple Crud\Simple Crud.csproj", "{F042D435-2694-4916-B846-D43F7BF6885A}"
EndProject
Global
	GlobalSection(SolutionConfigurationPlatforms) = preSolution
		Debug|Any CPU = Debug|Any CPU
		Release|Any CPU = Release|Any CPU
	EndGlobalSection
	GlobalSection(ProjectConfigurationPlatforms) = postSolution
		{F042D435-2694-4916-B846-D43F7BF6885A}.Debug|Any CPU.ActiveCfg = Debug|Any CPU
		{F042D435-2694-4916-B846-D43F7BF6885A}.Debug|Any CPU.Build.0 = Debug|Any CPU
		{F042D435-2694-4916-B846-D43F7BF6885A}.Release|Any CPU.ActiveCfg = Release|Any CPU
		{F042D435-2694-4916-B846-D43F7BF6885A}.Release|Any CPU.Build.0 = Release|Any CPU
	EndGlobalSection
	GlobalSection(SolutionProperties) = preSolution
		HideSolutionNode = FALSE
	EndGlobalSection
	GlobalSection(ExtensibilityGlobals) = postSolution
		SolutionGuid = {68B517C5-BF67-4138-80EC-7C85F58EA2DB}
	EndGlobalSection
EndGlobal
